
Microsoft Visual Studio Solution File, Format Version 12.00
# Visual Studio Version 17
VisualStudioVersion = 17.8.34408.163
MinimumVisualStudioVersion = 10.0.40219.1
Project("{FAE04EC0-301F-11D3-BF4B-00C04F79EFBC}") = "2 - DesktopSP (FollowWS)", "2 - DesktopSP (FollowWS).csproj", "{B03780E8-D3F1-48FA-9FBE-1864440BFA39}"
EndProject
Global
	GlobalSection(SolutionConfigurationPlatforms) = preSolution
		Debug|Any CPU = Debug|Any CPU
		Release|Any CPU = Release|Any CPU
	EndGlobalSection
	GlobalSection(ProjectConfigurationPlatforms) = postSolution
		{B03780E8-D3F1-48FA-9FBE-1864440BFA39}.Debug|Any CPU.ActiveCfg = Debug|Any CPU
		{B03780E8-D3F1-48FA-9FBE-1864440BFA39}.Debug|Any CPU.Build.0 = Debug|Any CPU
		{B03780E8-D3F1-48FA-9FBE-1864440BFA39}.Release|Any CPU.ActiveCfg = Release|Any CPU
		{B03780E8-D3F1-48FA-9FBE-1864440BFA39}.Release|Any CPU.Build.0 = Release|Any CPU
	EndGlobalSection
	GlobalSection(SolutionProperties) = preSolution
		HideSolutionNode = FALSE
	EndGlobalSection
	GlobalSection(ExtensibilityGlobals) = postSolution
		SolutionGuid = {720E4F77-B95F-4E99-A877-4E8B053FC2D9}
	EndGlobalSection
EndGlobal
