
Microsoft Visual Studio Solution File, Format Version 12.00
# Visual Studio Version 17
VisualStudioVersion = 17.8.34408.163
MinimumVisualStudioVersion = 10.0.40219.1
Project("{FAE04EC0-301F-11D3-BF4B-00C04F79EFBC}") = "WebApplication1", "WebApplication1.csproj", "{00F6D250-ED27-4835-B33E-DBB4974262AD}"
EndProject
Global
	GlobalSection(SolutionConfigurationPlatforms) = preSolution
		Debug|Any CPU = Debug|Any CPU
		Release|Any CPU = Release|Any CPU
	EndGlobalSection
	GlobalSection(ProjectConfigurationPlatforms) = postSolution
		{00F6D250-ED27-4835-B33E-DBB4974262AD}.Debug|Any CPU.ActiveCfg = Debug|Any CPU
		{00F6D250-ED27-4835-B33E-DBB4974262AD}.Debug|Any CPU.Build.0 = Debug|Any CPU
		{00F6D250-ED27-4835-B33E-DBB4974262AD}.Release|Any CPU.ActiveCfg = Release|Any CPU
		{00F6D250-ED27-4835-B33E-DBB4974262AD}.Release|Any CPU.Build.0 = Release|Any CPU
	EndGlobalSection
	GlobalSection(SolutionProperties) = preSolution
		HideSolutionNode = FALSE
	EndGlobalSection
	GlobalSection(ExtensibilityGlobals) = postSolution
		SolutionGuid = {5FD05FF8-612F-44A3-9397-78AC802A691C}
	EndGlobalSection
EndGlobal
